<?xml version="1.0" encoding="utf-8"?>
<Project ToolsVersion="4.0" xmlns="http://schemas.microsoft.com/developer/msbuild/2003">
  <ItemGroup>
    <ClCompile Include="main.cpp" />
    <ClCompile Include="src\DataInputStream.cpp">
      <Filter>src</Filter>
    </ClCompile>
    <ClCompile Include="src\ClassFileReader.cpp" />
    <ClCompile Include="src\ClassPrinter.cpp" />
    <ClCompile Include="src\Instance.cpp" />
  </ItemGroup>
  <ItemGroup>
    <Filter Include="src">
      <UniqueIdentifier>{52dfc9f8-eea2-4012-bddf-ab1e977f19f3}</UniqueIdentifier>
    </Filter>
  </ItemGroup>
  <ItemGroup>
    <ClInclude Include="include\ClassFile.h" />
    <ClInclude Include="include\DataInputStream.h" />
    <ClInclude Include="include\ClassFileReader.h" />
    <ClInclude Include="include\ClassPrinter.h" />
    <ClInclude Include="include\StackFrame.h" />
    <ClInclude Include="include\Instance.h" />
  </ItemGroup>
</Project>